<?xml version="1.0" encoding="utf-8"?>
<Project ToolsVersion="4.0" xmlns="http://schemas.microsoft.com/developer/msbuild/2003">
  <ItemGroup>
    <Filter Include="Resource Files">
      <UniqueIdentifier>{67DA6AB6-F800-4c08-8B7A-83BB121AAD01}</UniqueIdentifier>
      <Extensions>rc;ico;cur;bmp;dlg;rc2;rct;bin;rgs;gif;jpg;jpeg;jpe;resx;tiff;tif;png;wav;mfcribbon-ms</Extensions>
    </Filter>
    <Filter Include="GtFramework">
      <UniqueIdentifier>{e7159bda-63d0-408b-8e27-56220a9d7088}</UniqueIdentifier>
    </Filter>
    <Filter Include="AppLayer">
      <UniqueIdentifier>{663ac0a9-0c38-4c54-aad0-b276e87b0028}</UniqueIdentifier>
    </Filter>
    <Filter Include="GtFramework\GtPresenter">
      <UniqueIdentifier>{84537fa9-d3a1-4844-8812-7d4d4af9db8d}</UniqueIdentifier>
    </Filter>
    <Filter Include="GtFramework\header">
      <UniqueIdentifier>{93995380-89BD-4b04-88EB-625FBE52EBFB}</UniqueIdentifier>
      <Extensions>h;hpp;hxx;hm;inl;inc;xsd</Extensions>
    </Filter>
  </ItemGroup>
  <ItemGroup>
    <ClCompile Include="stableheader.cpp">
      <Filter>GtFramework\header</Filter>
    </ClCompile>
    <ClCompile Include="GtPresenter.cpp">
      <Filter>GtFramework\GtPresenter</Filter>
    </ClCompile>
    <ClCompile Include="main.cpp" />
  </ItemGroup>
  <ItemGroup>
    <ClInclude Include="prerequisite.h">
      <Filter>GtFramework\header</Filter>
    </ClInclude>
    <ClInclude Include="stableheader.h">
      <Filter>GtFramework\header</Filter>
    </ClInclude>
    <ClInclude Include="GtPresenter.h">
      <Filter>GtFramework\GtPresenter</Filter>
    </ClInclude>
  </ItemGroup>
</Project>